<?xml version="1.0" encoding="utf-8"?>
<Project ToolsVersion="4.0" xmlns="http://schemas.microsoft.com/developer/msbuild/2003">
  <ItemGroup>
    <Filter Include="Scenes">
      <UniqueIdentifier>{db977246-2cc0-4d25-bb9d-d39089bc58c5}</UniqueIdentifier>
    </Filter>
    <Filter Include="Engine">
      <UniqueIdentifier>{e9b8aaa6-505c-4548-b7d8-7d8d59873c14}</UniqueIdentifier>
    </Filter>
    <Filter Include="Engine\Header Files">
      <UniqueIdentifier>{9e650d3e-c084-4a06-b2b2-95328d76b562}</UniqueIdentifier>
    </Filter>
    <Filter Include="Engine\Source Files">
      <UniqueIdentifier>{b7405704-201b-4221-88cf-680e9044c7e6}</UniqueIdentifier>
    </Filter>
    <Filter Include="Components">
      <UniqueIdentifier>{f1c70b32-d79e-427d-86d4-7c22a1f97101}</UniqueIdentifier>
    </Filter>
    <Filter Include="Components\Header Files">
      <UniqueIdentifier>{da65d62f-c04b-4950-b9f2-cd6cf567ba4f}</UniqueIdentifier>
    </Filter>
    <Filter Include="Components\Source Files">
      <UniqueIdentifier>{d757d310-128c-43ad-b4f0-6b8255697dd4}</UniqueIdentifier>
    </Filter>
    <Filter Include="Entities">
      <UniqueIdentifier>{f56cc561-8782-4a1a-b4bb-8712310384be}</UniqueIdentifier>
    </Filter>
    <Filter Include="Systems">
      <UniqueIdentifier>{88e08f10-05bc-4f1d-866a-809e2143d96a}</UniqueIdentifier>
    </Filter>
    <Filter Include="Systems\Header Files">
      <UniqueIdentifier>{5b93423d-a5e6-49df-83fe-6b4209b4d5b0}</UniqueIdentifier>
    </Filter>
    <Filter Include="Systems\Source Files">
      <UniqueIdentifier>{36d37de2-ac9a-4bb8-93c1-f5d99ef7d632}</UniqueIdentifier>
    </Filter>
  </ItemGroup>
  <ItemGroup>
    <ClCompile Include="TestScene.cpp">
      <Filter>Scenes</Filter>
    </ClCompile>
    <ClCompile Include="TestScene2.cpp">
      <Filter>Scenes</Filter>
    </ClCompile>
    <ClCompile Include="Engine.cpp">
      <Filter>Engine\Source Files</Filter>
    </ClCompile>
    <ClCompile Include="Animator.cpp">
      <Filter>Components\Source Files</Filter>
    </ClCompile>
    <ClCompile Include="Level.cpp">
      <Filter>Components\Source Files</Filter>
    </ClCompile>
    <ClCompile Include="Window.cpp">
      <Filter>Components\Source Files</Filter>
    </ClCompile>
    <ClCompile Include="sfml_app.cpp" />
    <ClCompile Include="TestEntity.cpp">
      <Filter>Entities</Filter>
    </ClCompile>
    <ClCompile Include="PhysicsManager.cpp">
      <Filter>Systems\Source Files</Filter>
    </ClCompile>
    <ClCompile Include="EntityManager.cpp">
      <Filter>Systems\Source Files</Filter>
    </ClCompile>
    <ClCompile Include="SceneManager.cpp">
      <Filter>Systems\Source Files</Filter>
    </ClCompile>
    <ClCompile Include="Resources.cpp">
      <Filter>Systems\Source Files</Filter>
    </ClCompile>
    <ClCompile Include="Input.cpp">
      <Filter>Systems\Source Files</Filter>
    </ClCompile>
  </ItemGroup>
  <ItemGroup>
    <ClInclude Include="TestScene.h">
      <Filter>Scenes</Filter>
    </ClInclude>
    <ClInclude Include="TestScene2.h">
      <Filter>Scenes</Filter>
    </ClInclude>
    <ClInclude Include="Engine.h">
      <Filter>Engine\Header Files</Filter>
    </ClInclude>
    <ClInclude Include="Animator.h">
      <Filter>Components\Header Files</Filter>
    </ClInclude>
    <ClInclude Include="Level.h">
      <Filter>Components\Header Files</Filter>
    </ClInclude>
    <ClInclude Include="Window.h">
      <Filter>Components\Header Files</Filter>
    </ClInclude>
    <ClInclude Include="TestEntity.h">
      <Filter>Entities</Filter>
    </ClInclude>
    <ClInclude Include="StaticCollision.h">
      <Filter>Components\Header Files</Filter>
    </ClInclude>
    <ClInclude Include="DynamicCollision.h">
      <Filter>Components\Header Files</Filter>
    </ClInclude>
    <ClInclude Include="PhysicsManager.h">
      <Filter>Systems\Header Files</Filter>
    </ClInclude>
    <ClInclude Include="EntityManager.h">
      <Filter>Systems\Header Files</Filter>
    </ClInclude>
    <ClInclude Include="ResourceManager.h">
      <Filter>Systems\Header Files</Filter>
    </ClInclude>
    <ClInclude Include="SceneManager.h">
      <Filter>Systems\Header Files</Filter>
    </ClInclude>
    <ClInclude Include="Resources.h">
      <Filter>Systems\Header Files</Filter>
    </ClInclude>
    <ClInclude Include="Scene.h">
      <Filter>Systems\Header Files</Filter>
    </ClInclude>
    <ClInclude Include="Entity.h">
      <Filter>Systems\Header Files</Filter>
    </ClInclude>
    <ClInclude Include="Input.h">
      <Filter>Systems\Header Files</Filter>
    </ClInclude>
  </ItemGroup>
</Project>